
Microsoft Visual Studio Solution File, Format Version 12.00
# Visual Studio Version 16
VisualStudioVersion = 16.0.30128.74
MinimumVisualStudioVersion = 10.0.40219.1
Project("{9A19103F-16F7-4668-BE54-9A1E7A4F7556}") = "Tetorimino", "Tetorimino.csproj", "{97CECD9D-5AD3-4BFB-8EDB-099375082302}"
EndProject
Project("{9A19103F-16F7-4668-BE54-9A1E7A4F7556}") = "TetoriminoSample2", "..\TetoriminoSample2\TetoriminoSample2.csproj", "{855A8116-4D25-4ED0-85FF-8680FE81E39C}"
EndProject
Project("{FAE04EC0-301F-11D3-BF4B-00C04F79EFBC}") = "TetoriminoSample3", "..\TetoriminoSample3\TetoriminoSample3.csproj", "{E1F2D823-A7DB-4C08-AB7A-6B653B4CE4CE}"
EndProject
Global
	GlobalSection(SolutionConfigurationPlatforms) = preSolution
		Debug|Any CPU = Debug|Any CPU
		Release|Any CPU = Release|Any CPU
	EndGlobalSection
	GlobalSection(ProjectConfigurationPlatforms) = postSolution
		{97CECD9D-5AD3-4BFB-8EDB-099375082302}.Debug|Any CPU.ActiveCfg = Debug|Any CPU
		{97CECD9D-5AD3-4BFB-8EDB-099375082302}.Debug|Any CPU.Build.0 = Debug|Any CPU
		{97CECD9D-5AD3-4BFB-8EDB-099375082302}.Release|Any CPU.ActiveCfg = Release|Any CPU
		{97CECD9D-5AD3-4BFB-8EDB-099375082302}.Release|Any CPU.Build.0 = Release|Any CPU
		{855A8116-4D25-4ED0-85FF-8680FE81E39C}.Debug|Any CPU.ActiveCfg = Debug|Any CPU
		{855A8116-4D25-4ED0-85FF-8680FE81E39C}.Debug|Any CPU.Build.0 = Debug|Any CPU
		{855A8116-4D25-4ED0-85FF-8680FE81E39C}.Release|Any CPU.ActiveCfg = Release|Any CPU
		{855A8116-4D25-4ED0-85FF-8680FE81E39C}.Release|Any CPU.Build.0 = Release|Any CPU
		{E1F2D823-A7DB-4C08-AB7A-6B653B4CE4CE}.Debug|Any CPU.ActiveCfg = Debug|Any CPU
		{E1F2D823-A7DB-4C08-AB7A-6B653B4CE4CE}.Debug|Any CPU.Build.0 = Debug|Any CPU
		{E1F2D823-A7DB-4C08-AB7A-6B653B4CE4CE}.Release|Any CPU.ActiveCfg = Release|Any CPU
		{E1F2D823-A7DB-4C08-AB7A-6B653B4CE4CE}.Release|Any CPU.Build.0 = Release|Any CPU
	EndGlobalSection
	GlobalSection(SolutionProperties) = preSolution
		HideSolutionNode = FALSE
	EndGlobalSection
	GlobalSection(ExtensibilityGlobals) = postSolution
		SolutionGuid = {A5BB2AE5-23E0-4B96-81D7-F517101DA19D}
	EndGlobalSection
EndGlobal
